
Microsoft Visual Studio Solution File, Format Version 12.00
# Visual Studio Version 17
VisualStudioVersion = 17.2.32505.173
MinimumVisualStudioVersion = 10.0.40219.1
Project("{FAE04EC0-301F-11D3-BF4B-00C04F79EFBC}") = "Fibonacci-Rest", "Fibonacci-Rest.csproj", "{50F63952-9FBE-4D2D-85E9-CCF4049320A8}"
EndProject
Global
	GlobalSection(SolutionConfigurationPlatforms) = preSolution
		Debug|Any CPU = Debug|Any CPU
		Release|Any CPU = Release|Any CPU
	EndGlobalSection
	GlobalSection(ProjectConfigurationPlatforms) = postSolution
		{50F63952-9FBE-4D2D-85E9-CCF4049320A8}.Debug|Any CPU.ActiveCfg = Debug|Any CPU
		{50F63952-9FBE-4D2D-85E9-CCF4049320A8}.Debug|Any CPU.Build.0 = Debug|Any CPU
		{50F63952-9FBE-4D2D-85E9-CCF4049320A8}.Release|Any CPU.ActiveCfg = Release|Any CPU
		{50F63952-9FBE-4D2D-85E9-CCF4049320A8}.Release|Any CPU.Build.0 = Release|Any CPU
	EndGlobalSection
	GlobalSection(SolutionProperties) = preSolution
		HideSolutionNode = FALSE
	EndGlobalSection
	GlobalSection(ExtensibilityGlobals) = postSolution
		SolutionGuid = {41D11087-40E6-4E21-8B57-D22EB085FEC1}
	EndGlobalSection
EndGlobal
